PODS:
  - desktop_webview_auth (0.0.1):
    - FlutterMacOS
  - flutter_tts (0.0.1):
    - FlutterMacOS
  - FlutterMacOS (1.0.0)
  - screen_retriever_macos (0.0.1):
    - FlutterMacOS

DEPENDENCIES:
  - desktop_webview_auth (from `Flutter/ephemeral/.symlinks/plugins/desktop_webview_auth/macos`)
  - flutter_tts (from `Flutter/ephemeral/.symlinks/plugins/flutter_tts/macos`)
  - FlutterMacOS (from `Flutter/ephemeral`)
  - screen_retriever_macos (from `Flutter/ephemeral/.symlinks/plugins/screen_retriever_macos/macos`)

EXTERNAL SOURCES:
  desktop_webview_auth:
    :path: Flutter/ephemeral/.symlinks/plugins/desktop_webview_auth/macos
  flutter_tts:
    :path: Flutter/ephemeral/.symlinks/plugins/flutter_tts/macos
  FlutterMacOS:
    :path: Flutter/ephemeral
  screen_retriever_macos:
    :path: Flutter/ephemeral/.symlinks/plugins/screen_retriever_macos/macos

SPEC CHECKSUMS:
  desktop_webview_auth: d7fba72ef3ee2292cf66d464eede3c1a4690da83
  flutter_tts: ae915565cc6948444b513acc8ee021993281e027
  FlutterMacOS: d0db08ddef1a9af05a5ec4b724367152bb0500b1
  screen_retriever_macos: 452e51764a9e1cdb74b3c541238795849f21557f

PODFILE CHECKSUM: 7267ca882a309cf9a0451c2c727225772d1f7b8b

COCOAPODS: 1.16.2
